{
  "name": "testmymodule",
  "version": "1.0.0",
  "lockfileVersion": 2,
  "requires": true,
  "packages": {
    "": {
      "name": "testmymodule",
      "version": "1.0.0",
      "license": "ISC",
      "dependencies": {
        "@ali05ahmed/myfirstnodemodule": "^1.0.2"
      }
    },
    "node_modules/@ali05ahmed/myfirstnodemodule": {
      "version": "1.0.2",
      "resolved": "https://registry.npmjs.org/@ali05ahmed/myfirstnodemodule/-/myfirstnodemodule-1.0.2.tgz",
      "integrity": "sha512-ofOAmAZnl5PC7BY7uZ4311Y0qiHcwARtNat2IIQiGUUpOone/qM3Xs1PhES5fWWPoebe70zcRzKjWwaMiWhlyw=="
    }
  },
  "dependencies": {
    "@ali05ahmed/myfirstnodemodule": {
      "version": "1.0.2",
      "resolved": "https://registry.npmjs.org/@ali05ahmed/myfirstnodemodule/-/myfirstnodemodule-1.0.2.tgz",
      "integrity": "sha512-ofOAmAZnl5PC7BY7uZ4311Y0qiHcwARtNat2IIQiGUUpOone/qM3Xs1PhES5fWWPoebe70zcRzKjWwaMiWhlyw=="
    }
  }
}
